# This file is automatically @generated by Cargo.
# It is not intended for manual editing.
version = 4

[[package]]
name = "factorial"
version = "0.1.0"
dependencies = [
 "psx",
]

[[package]]
name = "psx"
version = "0.1.8"
source = "git+https://github.com/francescobbo/psx-sdk-rs#a605cb106630cd14d69cbb3ee9528becf8ff5dfe"
